github.com/JoelOtter/termloop v0.0.0-20191114154723-6c3a95a92fdd h1:sDaqkHGSFlNpIDF1FGzwLtcc8VvlhN8gZGu7a7sVcGw=
github.com/JoelOtter/termloop v0.0.0-20191114154723-6c3a95a92fdd/go.mod h1:Tie7OOEgasw91JpzA8UywemPyGehxZ06Gqtl5B1/vXI=
github.com/mattn/go-runewidth v0.0.4 h1:2BvfKmzob6Bmd4YsL0zygOqfdFnK7GR4QL06Do4/p7Y=
github.com/mattn/go-runewidth v0.0.4/go.mod h1:LwmH8dsx7+W8Uxz3IHJYH5QSwggIsqBzpuz5H//U1FU=
github.com/notnil/chess v0.0.0-20191006020310-e7f43cbaaded h1:V+9WIirKG0PSgZ6DTPIfUex3qkob33iZaMSPj7CDxFU=
github.com/notnil/chess v0.0.0-20191006020310-e7f43cbaaded/go.mod h1:Yu0kMeugIBDf7tmefiwvk+/DabQ5AzQwKUM5Kjt26iQ=
github.com/nsf/termbox-go v0.0.0-20190817171036-93860e161317 h1:hhGN4SFXgXo61Q4Sjj/X9sBjyeSa2kdpaOzCO+8EVQw=
github.com/nsf/termbox-go v0.0.0-20190817171036-93860e161317/go.mod h1:IuKpRQcYE1Tfu+oAQqaLisqDeXgjyyltCfsaoYN18NQ=
